
Microsoft Visual Studio Solution File, Format Version 12.00
# Visual Studio Version 17
VisualStudioVersion = 17.8.34309.116
MinimumVisualStudioVersion = 10.0.40219.1
Project("{FAE04EC0-301F-11D3-BF4B-00C04F79EFBC}") = "Turin", "Turin\Turin.csproj", "{E85E3EBC-5A49-4538-ADF9-9340188DBB0A}"
EndProject
Global
	GlobalSection(SolutionConfigurationPlatforms) = preSolution
		Debug|Any CPU = Debug|Any CPU
		Release|Any CPU = Release|Any CPU
	EndGlobalSection
	GlobalSection(ProjectConfigurationPlatforms) = postSolution
		{E85E3EBC-5A49-4538-ADF9-9340188DBB0A}.Debug|Any CPU.ActiveCfg = Debug|Any CPU
		{E85E3EBC-5A49-4538-ADF9-9340188DBB0A}.Debug|Any CPU.Build.0 = Debug|Any CPU
		{E85E3EBC-5A49-4538-ADF9-9340188DBB0A}.Release|Any CPU.ActiveCfg = Release|Any CPU
		{E85E3EBC-5A49-4538-ADF9-9340188DBB0A}.Release|Any CPU.Build.0 = Release|Any CPU
	EndGlobalSection
	GlobalSection(SolutionProperties) = preSolution
		HideSolutionNode = FALSE
	EndGlobalSection
	GlobalSection(ExtensibilityGlobals) = postSolution
		SolutionGuid = {F92C2A54-5413-4DB9-BFEB-33A4F908B016}
	EndGlobalSection
EndGlobal
